
Microsoft Visual Studio Solution File, Format Version 12.00
# Visual Studio 15
VisualStudioVersion = 15.0.27130.2024
MinimumVisualStudioVersion = 10.0.40219.1
Project("{FAE04EC0-301F-11D3-BF4B-00C04F79EFBC}") = "DebuggingSix02", "DebuggingSix02\DebuggingSix02.csproj", "{E2B87B0A-4072-4039-A1AE-466A509D6893}"
EndProject
Global
	GlobalSection(SolutionConfigurationPlatforms) = preSolution
		Debug|Any CPU = Debug|Any CPU
		Release|Any CPU = Release|Any CPU
	EndGlobalSection
	GlobalSection(ProjectConfigurationPlatforms) = postSolution
		{E2B87B0A-4072-4039-A1AE-466A509D6893}.Debug|Any CPU.ActiveCfg = Debug|Any CPU
		{E2B87B0A-4072-4039-A1AE-466A509D6893}.Debug|Any CPU.Build.0 = Debug|Any CPU
		{E2B87B0A-4072-4039-A1AE-466A509D6893}.Release|Any CPU.ActiveCfg = Release|Any CPU
		{E2B87B0A-4072-4039-A1AE-466A509D6893}.Release|Any CPU.Build.0 = Release|Any CPU
	EndGlobalSection
	GlobalSection(SolutionProperties) = preSolution
		HideSolutionNode = FALSE
	EndGlobalSection
	GlobalSection(ExtensibilityGlobals) = postSolution
		SolutionGuid = {E4ECAAD2-25DA-4D33-9F4E-C57D3194C89E}
	EndGlobalSection
EndGlobal
