
Microsoft Visual Studio Solution File, Format Version 12.00
# Visual Studio 15
VisualStudioVersion = 15.0.27130.2024
MinimumVisualStudioVersion = 10.0.40219.1
Project("{FAE04EC0-301F-11D3-BF4B-00C04F79EFBC}") = "DebugSix03", "DebugSix03\DebugSix03.csproj", "{0F81C3B4-A429-4BC4-B0C0-31410413F08C}"
EndProject
Global
	GlobalSection(SolutionConfigurationPlatforms) = preSolution
		Debug|Any CPU = Debug|Any CPU
		Release|Any CPU = Release|Any CPU
	EndGlobalSection
	GlobalSection(ProjectConfigurationPlatforms) = postSolution
		{0F81C3B4-A429-4BC4-B0C0-31410413F08C}.Debug|Any CPU.ActiveCfg = Debug|Any CPU
		{0F81C3B4-A429-4BC4-B0C0-31410413F08C}.Debug|Any CPU.Build.0 = Debug|Any CPU
		{0F81C3B4-A429-4BC4-B0C0-31410413F08C}.Release|Any CPU.ActiveCfg = Release|Any CPU
		{0F81C3B4-A429-4BC4-B0C0-31410413F08C}.Release|Any CPU.Build.0 = Release|Any CPU
	EndGlobalSection
	GlobalSection(SolutionProperties) = preSolution
		HideSolutionNode = FALSE
	EndGlobalSection
	GlobalSection(ExtensibilityGlobals) = postSolution
		SolutionGuid = {E5E35364-40F2-44EB-8733-79ABE601B8B2}
	EndGlobalSection
EndGlobal
